# This file is generated by running "yarn install" inside your project.
# Manual changes might be lost - proceed with caution!

__metadata:
  version: 8
  cacheKey: 10c0

"root-workspace-0b6124@workspace:.":
  version: 0.0.0-use.local
  resolution: "root-workspace-0b6124@workspace:."
  dependencies:
    typescript: "npm:2.5.3"
  languageName: unknown
  linkType: soft

"typescript@npm:2.5.3":
  version: 2.5.3
  resolution: "typescript@npm:2.5.3"
  bin:
    tsc: ./bin/tsc
    tsserver: ./bin/tsserver
  checksum: 56092000fa36c9af67e2be79722e95e72c35450dba3e830afae602d38c009af18d1aed07bf545dee446adb598812612acd73abd81955687b65343632fa159a1b
  languageName: node
  linkType: hard

"typescript@patch:typescript@npm%3A2.5.3#optional!builtin<compat/typescript>":
  version: 2.5.3
  resolution: "typescript@patch:typescript@npm%3A2.5.3#optional!builtin<compat/typescript>::version=2.5.3&hash=3bafbf"
  bin:
    tsc: ./bin/tsc
    tsserver: ./bin/tsserver
  checksum: aaf016a1f934cb088930e7b5ffeea9a1d910aba4df5a5e8ff89f6bc742da6776f860ac9deebb74849466462b5c73f4392aeb0a0d806d8d8fd813652e38ae761f
  languageName: node
  linkType: hard
